// !$*UTF8*$!
{
	archiveVersion = 1;
	classes = {
	};
	objectVersion = 55;
	objects = {

/* Begin PBXBuildFile section */
		04A2FD5C262638220E6FEB86 /* Pods_db_cauAirport_db_cauAirportUITests.framework in Frameworks */ = {isa = PBXBuildFile; fileRef = 470F983C00F33E8980738EC3 /* Pods_db_cauAirport_db_cauAirportUITests.framework */; };
		2D9F7B0B64D7B383A6803385 /* Pods_db_cauAirport.framework in Frameworks */ = {isa = PBXBuildFile; fileRef = C226E8F73743573CC8878C45 /* Pods_db_cauAirport.framework */; };
		3F3472132961D0C400E915B9 /* UIColorExtension.swift in Sources */ = {isa = PBXBuildFile; fileRef = 3F3472122961D0C400E915B9 /* UIColorExtension.swift */; };
		3F3472152961EE7000E915B9 /* LoginView.swift in Sources */ = {isa = PBXBuildFile; fileRef = 3F3472142961EE7000E915B9 /* LoginView.swift */; };
		3F3472172962616000E915B9 /* UINavigationControllerExtension.swift in Sources */ = {isa = PBXBuildFile; fileRef = 3F3472162962616000E915B9 /* UINavigationControllerExtension.swift */; };
		3F347219296261C900E915B9 /* CommonEnum.swift in Sources */ = {isa = PBXBuildFile; fileRef = 3F347218296261C900E915B9 /* CommonEnum.swift */; };
		3FA33C6C29647A7500BCE9A9 /* MainScreenView.swift in Sources */ = {isa = PBXBuildFile; fileRef = 3FA33C6B29647A7500BCE9A9 /* MainScreenView.swift */; };
		3FCAF7E729596116007BC9ED /* AppDelegate.swift in Sources */ = {isa = PBXBuildFile; fileRef = 3FCAF7E629596116007BC9ED /* AppDelegate.swift */; };
		3FCAF7E929596116007BC9ED /* SceneDelegate.swift in Sources */ = {isa = PBXBuildFile; fileRef = 3FCAF7E829596116007BC9ED /* SceneDelegate.swift */; };
		3FCAF7EB29596116007BC9ED /* LaunchScreenView.swift in Sources */ = {isa = PBXBuildFile; fileRef = 3FCAF7EA29596116007BC9ED /* LaunchScreenView.swift */; };
		3FCAF7EE29596116007BC9ED /* Main.storyboard in Resources */ = {isa = PBXBuildFile; fileRef = 3FCAF7EC29596116007BC9ED /* Main.storyboard */; };
		3FCAF7F029596118007BC9ED /* Assets.xcassets in Resources */ = {isa = PBXBuildFile; fileRef = 3FCAF7EF29596118007BC9ED /* Assets.xcassets */; };
		3FCAF7F329596118007BC9ED /* LaunchScreen.storyboard in Resources */ = {isa = PBXBuildFile; fileRef = 3FCAF7F129596118007BC9ED /* LaunchScreen.storyboard */; };
		3FCAF7FE29596118007BC9ED /* db_cauAirportTests.swift in Sources */ = {isa = PBXBuildFile; fileRef = 3FCAF7FD29596118007BC9ED /* db_cauAirportTests.swift */; };
		3FCAF80829596118007BC9ED /* db_cauAirportUITests.swift in Sources */ = {isa = PBXBuildFile; fileRef = 3FCAF80729596118007BC9ED /* db_cauAirportUITests.swift */; };
		3FCAF80A29596118007BC9ED /* db_cauAirportUITestsLaunchTests.swift in Sources */ = {isa = PBXBuildFile; fileRef = 3FCAF80929596118007BC9ED /* db_cauAirportUITestsLaunchTests.swift */; };
		DB395F7A37DE9024E6BBA994 /* Pods_db_cauAirportTests.framework in Frameworks */ = {isa = PBXBuildFile; fileRef = FDF06DE0E3E7C15E475A3751 /* Pods_db_cauAirportTests.framework */; };
/* End PBXBuildFile section */

/* Begin PBXContainerItemProxy section */
		3FCAF7FA29596118007BC9ED /* PBXContainerItemProxy */ = {
			isa = PBXContainerItemProxy;
			containerPortal = 3FCAF7DB29596116007BC9ED /* Project object */;
			proxyType = 1;
			remoteGlobalIDString = 3FCAF7E229596116007BC9ED;
			remoteInfo = "db-cauAirport";
		};
		3FCAF80429596118007BC9ED /* PBXContainerItemProxy */ = {
			isa = PBXContainerItemProxy;
			containerPortal = 3FCAF7DB29596116007BC9ED /* Project object */;
			proxyType = 1;
			remoteGlobalIDString = 3FCAF7E229596116007BC9ED;
			remoteInfo = "db-cauAirport";
		};
/* End PBXContainerItemProxy section */

/* Begin PBXFileReference section */
		0F4C9B3736A4E0D4C9BAC1E6 /* Pods-db-cauAirport.release.xcconfig */ = {isa = PBXFileReference; includeInIndex = 1; lastKnownFileType = text.xcconfig; name = "Pods-db-cauAirport.release.xcconfig"; path = "Target Support Files/Pods-db-cauAirport/Pods-db-cauAirport.release.xcconfig"; sourceTree = "<group>"; };
		16350A8A0D1589B215417963 /* Pods-db-cauAirport.debug.xcconfig */ = {isa = PBXFileReference; includeInIndex = 1; lastKnownFileType = text.xcconfig; name = "Pods-db-cauAirport.debug.xcconfig"; path = "Target Support Files/Pods-db-cauAirport/Pods-db-cauAirport.debug.xcconfig"; sourceTree = "<group>"; };
		3E378C2E48EAB8813C12823B /* Pods-db-cauAirportTests.debug.xcconfig */ = {isa = PBXFileReference; includeInIndex = 1; lastKnownFileType = text.xcconfig; name = "Pods-db-cauAirportTests.debug.xcconfig"; path = "Target Support Files/Pods-db-cauAirportTests/Pods-db-cauAirportTests.debug.xcconfig"; sourceTree = "<group>"; };
		3F3472122961D0C400E915B9 /* UIColorExtension.swift */ = {isa = PBXFileReference; lastKnownFileType = sourcecode.swift; path = UIColorExtension.swift; sourceTree = "<group>"; };
		3F3472142961EE7000E915B9 /* LoginView.swift */ = {isa = PBXFileReference; lastKnownFileType = sourcecode.swift; path = LoginView.swift; sourceTree = "<group>"; };
		3F3472162962616000E915B9 /* UINavigationControllerExtension.swift */ = {isa = PBXFileReference; lastKnownFileType = sourcecode.swift; path = UINavigationControllerExtension.swift; sourceTree = "<group>"; };
		3F347218296261C900E915B9 /* CommonEnum.swift */ = {isa = PBXFileReference; lastKnownFileType = sourcecode.swift; path = CommonEnum.swift; sourceTree = "<group>"; };
		3FA33C6B29647A7500BCE9A9 /* MainScreenView.swift */ = {isa = PBXFileReference; lastKnownFileType = sourcecode.swift; path = MainScreenView.swift; sourceTree = "<group>"; };
		3FCAF7E329596116007BC9ED /* db-cauAirport.app */ = {isa = PBXFileReference; explicitFileType = wrapper.application; includeInIndex = 0; path = "db-cauAirport.app"; sourceTree = BUILT_PRODUCTS_DIR; };
		3FCAF7E629596116007BC9ED /* AppDelegate.swift */ = {isa = PBXFileReference; lastKnownFileType = sourcecode.swift; path = AppDelegate.swift; sourceTree = "<group>"; };
		3FCAF7E829596116007BC9ED /* SceneDelegate.swift */ = {isa = PBXFileReference; lastKnownFileType = sourcecode.swift; path = SceneDelegate.swift; sourceTree = "<group>"; };
		3FCAF7EA29596116007BC9ED /* LaunchScreenView.swift */ = {isa = PBXFileReference; lastKnownFileType = sourcecode.swift; path = LaunchScreenView.swift; sourceTree = "<group>"; };
		3FCAF7ED29596116007BC9ED /* Base */ = {isa = PBXFileReference; lastKnownFileType = file.storyboard; name = Base; path = Base.lproj/Main.storyboard; sourceTree = "<group>"; };
		3FCAF7EF29596118007BC9ED /* Assets.xcassets */ = {isa = PBXFileReference; lastKnownFileType = folder.assetcatalog; path = Assets.xcassets; sourceTree = "<group>"; };
		3FCAF7F229596118007BC9ED /* Base */ = {isa = PBXFileReference; lastKnownFileType = file.storyboard; name = Base; path = Base.lproj/LaunchScreen.storyboard; sourceTree = "<group>"; };
		3FCAF7F429596118007BC9ED /* Info.plist */ = {isa = PBXFileReference; lastKnownFileType = text.plist.xml; path = Info.plist; sourceTree = "<group>"; };
		3FCAF7F929596118007BC9ED /* db-cauAirportTests.xctest */ = {isa = PBXFileReference; explicitFileType = wrapper.cfbundle; includeInIndex = 0; path = "db-cauAirportTests.xctest"; sourceTree = BUILT_PRODUCTS_DIR; };
		3FCAF7FD29596118007BC9ED /* db_cauAirportTests.swift */ = {isa = PBXFileReference; lastKnownFileType = sourcecode.swift; path = db_cauAirportTests.swift; sourceTree = "<group>"; };
		3FCAF80329596118007BC9ED /* db-cauAirportUITests.xctest */ = {isa = PBXFileReference; explicitFileType = wrapper.cfbundle; includeInIndex = 0; path = "db-cauAirportUITests.xctest"; sourceTree = BUILT_PRODUCTS_DIR; };
		3FCAF80729596118007BC9ED /* db_cauAirportUITests.swift */ = {isa = PBXFileReference; lastKnownFileType = sourcecode.swift; path = db_cauAirportUITests.swift; sourceTree = "<group>"; };
		3FCAF80929596118007BC9ED /* db_cauAirportUITestsLaunchTests.swift */ = {isa = PBXFileReference; lastKnownFileType = sourcecode.swift; path = db_cauAirportUITestsLaunchTests.swift; sourceTree = "<group>"; };
		470F983C00F33E8980738EC3 /* Pods_db_cauAirport_db_cauAirportUITests.framework */ = {isa = PBXFileReference; explicitFileType = wrapper.framework; includeInIndex = 0; path = Pods_db_cauAirport_db_cauAirportUITests.framework; sourceTree = BUILT_PRODUCTS_DIR; };
		8D62E7BC130AD1386A100E33 /* Pods-db-cauAirport-db-cauAirportUITests.release.xcconfig */ = {isa = PBXFileReference; includeInIndex = 1; lastKnownFileType = text.xcconfig; name = "Pods-db-cauAirport-db-cauAirportUITests.release.xcconfig"; path = "Target Support Files/Pods-db-cauAirport-db-cauAirportUITests/Pods-db-cauAirport-db-cauAirportUITests.release.xcconfig"; sourceTree = "<group>"; };
		BC51C337B8F7E0556A020303 /* Pods-db-cauAirport-db-cauAirportUITests.debug.xcconfig */ = {isa = PBXFileReference; includeInIndex = 1; lastKnownFileType = text.xcconfig; name = "Pods-db-cauAirport-db-cauAirportUITests.debug.xcconfig"; path = "Target Support Files/Pods-db-cauAirport-db-cauAirportUITests/Pods-db-cauAirport-db-cauAirportUITests.debug.xcconfig"; sourceTree = "<group>"; };
		C226E8F73743573CC8878C45 /* Pods_db_cauAirport.framework */ = {isa = PBXFileReference; explicitFileType = wrapper.framework; includeInIndex = 0; path = Pods_db_cauAirport.framework; sourceTree = BUILT_PRODUCTS_DIR; };
		EBF35E6D9D3CBBF6028271D3 /* Pods-db-cauAirportTests.release.xcconfig */ = {isa = PBXFileReference; includeInIndex = 1; lastKnownFileType = text.xcconfig; name = "Pods-db-cauAirportTests.release.xcconfig"; path = "Target Support Files/Pods-db-cauAirportTests/Pods-db-cauAirportTests.release.xcconfig"; sourceTree = "<group>"; };
		FDF06DE0E3E7C15E475A3751 /* Pods_db_cauAirportTests.framework */ = {isa = PBXFileReference; explicitFileType = wrapper.framework; includeInIndex = 0; path = Pods_db_cauAirportTests.framework; sourceTree = BUILT_PRODUCTS_DIR; };
/* End PBXFileReference section */

/* Begin PBXFrameworksBuildPhase section */
		3FCAF7E029596116007BC9ED /* Frameworks */ = {
			isa = PBXFrameworksBuildPhase;
			buildActionMask = 2147483647;
			files = (
				2D9F7B0B64D7B383A6803385 /* Pods_db_cauAirport.framework in Frameworks */,
			);
			runOnlyForDeploymentPostprocessing = 0;
		};
		3FCAF7F629596118007BC9ED /* Frameworks */ = {
			isa = PBXFrameworksBuildPhase;
			buildActionMask = 2147483647;
			files = (
				DB395F7A37DE9024E6BBA994 /* Pods_db_cauAirportTests.framework in Frameworks */,
			);
			runOnlyForDeploymentPostprocessing = 0;
		};
		3FCAF80029596118007BC9ED /* Frameworks */ = {
			isa = PBXFrameworksBuildPhase;
			buildActionMask = 2147483647;
			files = (
				04A2FD5C262638220E6FEB86 /* Pods_db_cauAirport_db_cauAirportUITests.framework in Frameworks */,
			);
			runOnlyForDeploymentPostprocessing = 0;
		};
/* End PBXFrameworksBuildPhase section */

/* Begin PBXGroup section */
		2B4372FA1F761A08F07F34C5 /* Frameworks */ = {
			isa = PBXGroup;
			children = (
				C226E8F73743573CC8878C45 /* Pods_db_cauAirport.framework */,
				470F983C00F33E8980738EC3 /* Pods_db_cauAirport_db_cauAirportUITests.framework */,
				FDF06DE0E3E7C15E475A3751 /* Pods_db_cauAirportTests.framework */,
			);
			name = Frameworks;
			sourceTree = "<group>";
		};
		3F229C352966A03300260831 /* View */ = {
			isa = PBXGroup;
			children = (
				3FA33C6B29647A7500BCE9A9 /* MainScreenView.swift */,
			);
			path = View;
			sourceTree = "<group>";
		};
		3F34720E295DE34C00E915B9 /* View */ = {
			isa = PBXGroup;
			children = (
				3FCAF7EA29596116007BC9ED /* LaunchScreenView.swift */,
				3F3472142961EE7000E915B9 /* LoginView.swift */,
			);
			path = View;
			sourceTree = "<group>";
		};
		3F34720F295DE35200E915B9 /* Model */ = {
			isa = PBXGroup;
			children = (
			);
			path = Model;
			sourceTree = "<group>";
		};
		3F3472112961D0B300E915B9 /* Common */ = {
			isa = PBXGroup;
			children = (
				3F3472122961D0C400E915B9 /* UIColorExtension.swift */,
				3F3472162962616000E915B9 /* UINavigationControllerExtension.swift */,
				3F347218296261C900E915B9 /* CommonEnum.swift */,
			);
			path = Common;
			sourceTree = "<group>";
		};
		3FA33C692963060C00BCE9A9 /* LoginView */ = {
			isa = PBXGroup;
			children = (
				3F34720F295DE35200E915B9 /* Model */,
				3F34720E295DE34C00E915B9 /* View */,
			);
			path = LoginView;
			sourceTree = "<group>";
		};
		3FA33C6A29647A5100BCE9A9 /* MainView */ = {
			isa = PBXGroup;
			children = (
				3F229C352966A03300260831 /* View */,
			);
			path = MainView;
			sourceTree = "<group>";
		};
		3FCAF7DA29596116007BC9ED = {
			isa = PBXGroup;
			children = (
				3FCAF7E529596116007BC9ED /* db-cauAirport */,
				3FCAF7FC29596118007BC9ED /* db-cauAirportTests */,
				3FCAF80629596118007BC9ED /* db-cauAirportUITests */,
				3FCAF7E429596116007BC9ED /* Products */,
				612688D653FB96C714EC0D8C /* Pods */,
				2B4372FA1F761A08F07F34C5 /* Frameworks */,
			);
			sourceTree = "<group>";
		};
		3FCAF7E429596116007BC9ED /* Products */ = {
			isa = PBXGroup;
			children = (
				3FCAF7E329596116007BC9ED /* db-cauAirport.app */,
				3FCAF7F929596118007BC9ED /* db-cauAirportTests.xctest */,
				3FCAF80329596118007BC9ED /* db-cauAirportUITests.xctest */,
			);
			name = Products;
			sourceTree = "<group>";
		};
		3FCAF7E529596116007BC9ED /* db-cauAirport */ = {
			isa = PBXGroup;
			children = (
				3F3472112961D0B300E915B9 /* Common */,
				3FA33C692963060C00BCE9A9 /* LoginView */,
				3FA33C6A29647A5100BCE9A9 /* MainView */,
				3FCAF7E629596116007BC9ED /* AppDelegate.swift */,
				3FCAF7E829596116007BC9ED /* SceneDelegate.swift */,
				3FCAF7EC29596116007BC9ED /* Main.storyboard */,
				3FCAF7EF29596118007BC9ED /* Assets.xcassets */,
				3FCAF7F129596118007BC9ED /* LaunchScreen.storyboard */,
				3FCAF7F429596118007BC9ED /* Info.plist */,
			);
			path = "db-cauAirport";
			sourceTree = "<group>";
		};
		3FCAF7FC29596118007BC9ED /* db-cauAirportTests */ = {
			isa = PBXGroup;
			children = (
				3FCAF7FD29596118007BC9ED /* db_cauAirportTests.swift */,
			);
			path = "db-cauAirportTests";
			sourceTree = "<group>";
		};
		3FCAF80629596118007BC9ED /* db-cauAirportUITests */ = {
			isa = PBXGroup;
			children = (
				3FCAF80729596118007BC9ED /* db_cauAirportUITests.swift */,
				3FCAF80929596118007BC9ED /* db_cauAirportUITestsLaunchTests.swift */,
			);
			path = "db-cauAirportUITests";
			sourceTree = "<group>";
		};
		612688D653FB96C714EC0D8C /* Pods */ = {
			isa = PBXGroup;
			children = (
				16350A8A0D1589B215417963 /* Pods-db-cauAirport.debug.xcconfig */,
				0F4C9B3736A4E0D4C9BAC1E6 /* Pods-db-cauAirport.release.xcconfig */,
				BC51C337B8F7E0556A020303 /* Pods-db-cauAirport-db-cauAirportUITests.debug.xcconfig */,
				8D62E7BC130AD1386A100E33 /* Pods-db-cauAirport-db-cauAirportUITests.release.xcconfig */,
				3E378C2E48EAB8813C12823B /* Pods-db-cauAirportTests.debug.xcconfig */,
				EBF35E6D9D3CBBF6028271D3 /* Pods-db-cauAirportTests.release.xcconfig */,
			);
			path = Pods;
			sourceTree = "<group>";
		};
/* End PBXGroup section */

/* Begin PBXNativeTarget section */
		3FCAF7E229596116007BC9ED /* db-cauAirport */ = {
			isa = PBXNativeTarget;
			buildConfigurationList = 3FCAF80D29596118007BC9ED /* Build configuration list for PBXNativeTarget "db-cauAirport" */;
			buildPhases = (
				8E2AABE2673784C997B275D4 /* [CP] Check Pods Manifest.lock */,
				3FCAF7DF29596116007BC9ED /* Sources */,
				3FCAF7E029596116007BC9ED /* Frameworks */,
				3FCAF7E129596116007BC9ED /* Resources */,
				E1F858EFC82DCD05AE4CCAC0 /* [CP] Embed Pods Frameworks */,
			);
			buildRules = (
			);
			dependencies = (
			);
			name = "db-cauAirport";
			productName = "db-cauAirport";
			productReference = 3FCAF7E329596116007BC9ED /* db-cauAirport.app */;
			productType = "com.apple.product-type.application";
		};
		3FCAF7F829596118007BC9ED /* db-cauAirportTests */ = {
			isa = PBXNativeTarget;
			buildConfigurationList = 3FCAF81029596118007BC9ED /* Build configuration list for PBXNativeTarget "db-cauAirportTests" */;
			buildPhases = (
				4046F8CD59E8DB445D75A68D /* [CP] Check Pods Manifest.lock */,
				3FCAF7F529596118007BC9ED /* Sources */,
				3FCAF7F629596118007BC9ED /* Frameworks */,
				3FCAF7F729596118007BC9ED /* Resources */,
			);
			buildRules = (
			);
			dependencies = (
				3FCAF7FB29596118007BC9ED /* PBXTargetDependency */,
			);
			name = "db-cauAirportTests";
			productName = "db-cauAirportTests";
			productReference = 3FCAF7F929596118007BC9ED /* db-cauAirportTests.xctest */;
			productType = "com.apple.product-type.bundle.unit-test";
		};
		3FCAF80229596118007BC9ED /* db-cauAirportUITests */ = {
			isa = PBXNativeTarget;
			buildConfigurationList = 3FCAF81329596118007BC9ED /* Build configuration list for PBXNativeTarget "db-cauAirportUITests" */;
			buildPhases = (
				0886C629D1A2D2CEC2D63965 /* [CP] Check Pods Manifest.lock */,
				3FCAF7FF29596118007BC9ED /* Sources */,
				3FCAF80029596118007BC9ED /* Frameworks */,
				3FCAF80129596118007BC9ED /* Resources */,
				03F1AF07011375B16489B4EA /* [CP] Embed Pods Frameworks */,
			);
			buildRules = (
			);
			dependencies = (
				3FCAF80529596118007BC9ED /* PBXTargetDependency */,
			);
			name = "db-cauAirportUITests";
			productName = "db-cauAirportUITests";
			productReference = 3FCAF80329596118007BC9ED /* db-cauAirportUITests.xctest */;
			productType = "com.apple.product-type.bundle.ui-testing";
		};
/* End PBXNativeTarget section */

/* Begin PBXProject section */
		3FCAF7DB29596116007BC9ED /* Project object */ = {
			isa = PBXProject;
			attributes = {
				BuildIndependentTargetsInParallel = 1;
				LastSwiftUpdateCheck = 1420;
				LastUpgradeCheck = 1420;
				TargetAttributes = {
					3FCAF7E229596116007BC9ED = {
						CreatedOnToolsVersion = 14.2;
					};
					3FCAF7F829596118007BC9ED = {
						CreatedOnToolsVersion = 14.2;
						TestTargetID = 3FCAF7E229596116007BC9ED;
					};
					3FCAF80229596118007BC9ED = {
						CreatedOnToolsVersion = 14.2;
						TestTargetID = 3FCAF7E229596116007BC9ED;
					};
				};
			};
			buildConfigurationList = 3FCAF7DE29596116007BC9ED /* Build configuration list for PBXProject "db-cauAirport" */;
			compatibilityVersion = "Xcode 13.0";
			developmentRegion = en;
			hasScannedForEncodings = 0;
			knownRegions = (
				en,
				Base,
			);
			mainGroup = 3FCAF7DA29596116007BC9ED;
			productRefGroup = 3FCAF7E429596116007BC9ED /* Products */;
			projectDirPath = "";
			projectRoot = "";
			targets = (
				3FCAF7E229596116007BC9ED /* db-cauAirport */,
				3FCAF7F829596118007BC9ED /* db-cauAirportTests */,
				3FCAF80229596118007BC9ED /* db-cauAirportUITests */,
			);
		};
/* End PBXProject section */

/* Begin PBXResourcesBuildPhase section */
		3FCAF7E129596116007BC9ED /* Resources */ = {
			isa = PBXResourcesBuildPhase;
			buildActionMask = 2147483647;
			files = (
				3FCAF7F329596118007BC9ED /* LaunchScreen.storyboard in Resources */,
				3FCAF7F029596118007BC9ED /* Assets.xcassets in Resources */,
				3FCAF7EE29596116007BC9ED /* Main.storyboard in Resources */,
			);
			runOnlyForDeploymentPostprocessing = 0;
		};
		3FCAF7F729596118007BC9ED /* Resources */ = {
			isa = PBXResourcesBuildPhase;
			buildActionMask = 2147483647;
			files = (
			);
			runOnlyForDeploymentPostprocessing = 0;
		};
		3FCAF80129596118007BC9ED /* Resources */ = {
			isa = PBXResourcesBuildPhase;
			buildActionMask = 2147483647;
			files = (
			);
			runOnlyForDeploymentPostprocessing = 0;
		};
/* End PBXResourcesBuildPhase section */

/* Begin PBXShellScriptBuildPhase section */
		03F1AF07011375B16489B4EA /* [CP] Embed Pods Frameworks */ = {
			isa = PBXShellScriptBuildPhase;
			buildActionMask = 2147483647;
			files = (
			);
			inputFileListPaths = (
				"${PODS_ROOT}/Target Support Files/Pods-db-cauAirport-db-cauAirportUITests/Pods-db-cauAirport-db-cauAirportUITests-frameworks-${CONFIGURATION}-input-files.xcfilelist",
			);
			name = "[CP] Embed Pods Frameworks";
			outputFileListPaths = (
				"${PODS_ROOT}/Target Support Files/Pods-db-cauAirport-db-cauAirportUITests/Pods-db-cauAirport-db-cauAirportUITests-frameworks-${CONFIGURATION}-output-files.xcfilelist",
			);
			runOnlyForDeploymentPostprocessing = 0;
			shellPath = /bin/sh;
			shellScript = "\"${PODS_ROOT}/Target Support Files/Pods-db-cauAirport-db-cauAirportUITests/Pods-db-cauAirport-db-cauAirportUITests-frameworks.sh\"\n";
			showEnvVarsInLog = 0;
		};
		0886C629D1A2D2CEC2D63965 /* [CP] Check Pods Manifest.lock */ = {
			isa = PBXShellScriptBuildPhase;
			buildActionMask = 2147483647;
			files = (
			);
			inputFileListPaths = (
			);
			inputPaths = (
				"${PODS_PODFILE_DIR_PATH}/Podfile.lock",
				"${PODS_ROOT}/Manifest.lock",
			);
			name = "[CP] Check Pods Manifest.lock";
			outputFileListPaths = (
			);
			outputPaths = (
				"$(DERIVED_FILE_DIR)/Pods-db-cauAirport-db-cauAirportUITests-checkManifestLockResult.txt",
			);
			runOnlyForDeploymentPostprocessing = 0;
			shellPath = /bin/sh;
			shellScript = "diff \"${PODS_PODFILE_DIR_PATH}/Podfile.lock\" \"${PODS_ROOT}/Manifest.lock\" > /dev/null\nif [ $? != 0 ] ; then\n    # print error to STDERR\n    echo \"error: The sandbox is not in sync with the Podfile.lock. Run 'pod install' or update your CocoaPods installation.\" >&2\n    exit 1\nfi\n# This output is used by Xcode 'outputs' to avoid re-running this script phase.\necho \"SUCCESS\" > \"${SCRIPT_OUTPUT_FILE_0}\"\n";
			showEnvVarsInLog = 0;
		};
		4046F8CD59E8DB445D75A68D /* [CP] Check Pods Manifest.lock */ = {
			isa = PBXShellScriptBuildPhase;
			buildActionMask = 2147483647;
			files = (
			);
			inputFileListPaths = (
			);
			inputPaths = (
				"${PODS_PODFILE_DIR_PATH}/Podfile.lock",
				"${PODS_ROOT}/Manifest.lock",
			);
			name = "[CP] Check Pods Manifest.lock";
			outputFileListPaths = (
			);
			outputPaths = (
				"$(DERIVED_FILE_DIR)/Pods-db-cauAirportTests-checkManifestLockResult.txt",
			);
			runOnlyForDeploymentPostprocessing = 0;
			shellPath = /bin/sh;
			shellScript = "diff \"${PODS_PODFILE_DIR_PATH}/Podfile.lock\" \"${PODS_ROOT}/Manifest.lock\" > /dev/null\nif [ $? != 0 ] ; then\n    # print error to STDERR\n    echo \"error: The sandbox is not in sync with the Podfile.lock. Run 'pod install' or update your CocoaPods installation.\" >&2\n    exit 1\nfi\n# This output is used by Xcode 'outputs' to avoid re-running this script phase.\necho \"SUCCESS\" > \"${SCRIPT_OUTPUT_FILE_0}\"\n";
			showEnvVarsInLog = 0;
		};
		8E2AABE2673784C997B275D4 /* [CP] Check Pods Manifest.lock */ = {
			isa = PBXShellScriptBuildPhase;
			buildActionMask = 2147483647;
			files = (
			);
			inputFileListPaths = (
			);
			inputPaths = (
				"${PODS_PODFILE_DIR_PATH}/Podfile.lock",
				"${PODS_ROOT}/Manifest.lock",
			);
			name = "[CP] Check Pods Manifest.lock";
			outputFileListPaths = (
			);
			outputPaths = (
				"$(DERIVED_FILE_DIR)/Pods-db-cauAirport-checkManifestLockResult.txt",
			);
			runOnlyForDeploymentPostprocessing = 0;
			shellPath = /bin/sh;
			shellScript = "diff \"${PODS_PODFILE_DIR_PATH}/Podfile.lock\" \"${PODS_ROOT}/Manifest.lock\" > /dev/null\nif [ $? != 0 ] ; then\n    # print error to STDERR\n    echo \"error: The sandbox is not in sync with the Podfile.lock. Run 'pod install' or update your CocoaPods installation.\" >&2\n    exit 1\nfi\n# This output is used by Xcode 'outputs' to avoid re-running this script phase.\necho \"SUCCESS\" > \"${SCRIPT_OUTPUT_FILE_0}\"\n";
			showEnvVarsInLog = 0;
		};
		E1F858EFC82DCD05AE4CCAC0 /* [CP] Embed Pods Frameworks */ = {
			isa = PBXShellScriptBuildPhase;
			buildActionMask = 2147483647;
			files = (
			);
			inputFileListPaths = (
				"${PODS_ROOT}/Target Support Files/Pods-db-cauAirport/Pods-db-cauAirport-frameworks-${CONFIGURATION}-input-files.xcfilelist",
			);
			name = "[CP] Embed Pods Frameworks";
			outputFileListPaths = (
				"${PODS_ROOT}/Target Support Files/Pods-db-cauAirport/Pods-db-cauAirport-frameworks-${CONFIGURATION}-output-files.xcfilelist",
			);
			runOnlyForDeploymentPostprocessing = 0;
			shellPath = /bin/sh;
			shellScript = "\"${PODS_ROOT}/Target Support Files/Pods-db-cauAirport/Pods-db-cauAirport-frameworks.sh\"\n";
			showEnvVarsInLog = 0;
		};
/* End PBXShellScriptBuildPhase section */

/* Begin PBXSourcesBuildPhase section */
		3FCAF7DF29596116007BC9ED /* Sources */ = {
			isa = PBXSourcesBuildPhase;
			buildActionMask = 2147483647;
			files = (
				3FCAF7EB29596116007BC9ED /* LaunchScreenView.swift in Sources */,
				3FCAF7E729596116007BC9ED /* AppDelegate.swift in Sources */,
				3FCAF7E929596116007BC9ED /* SceneDelegate.swift in Sources */,
				3F3472152961EE7000E915B9 /* LoginView.swift in Sources */,
				3F3472132961D0C400E915B9 /* UIColorExtension.swift in Sources */,
				3F347219296261C900E915B9 /* CommonEnum.swift in Sources */,
				3FA33C6C29647A7500BCE9A9 /* MainScreenView.swift in Sources */,
				3F3472172962616000E915B9 /* UINavigationControllerExtension.swift in Sources */,
			);
			runOnlyForDeploymentPostprocessing = 0;
		};
		3FCAF7F529596118007BC9ED /* Sources */ = {
			isa = PBXSourcesBuildPhase;
			buildActionMask = 2147483647;
			files = (
				3FCAF7FE29596118007BC9ED /* db_cauAirportTests.swift in Sources */,
			);
			runOnlyForDeploymentPostprocessing = 0;
		};
		3FCAF7FF29596118007BC9ED /* Sources */ = {
			isa = PBXSourcesBuildPhase;
			buildActionMask = 2147483647;
			files = (
				3FCAF80A29596118007BC9ED /* db_cauAirportUITestsLaunchTests.swift in Sources */,
				3FCAF80829596118007BC9ED /* db_cauAirportUITests.swift in Sources */,
			);
			runOnlyForDeploymentPostprocessing = 0;
		};
/* End PBXSourcesBuildPhase section */

/* Begin PBXTargetDependency section */
		3FCAF7FB29596118007BC9ED /* PBXTargetDependency */ = {
			isa = PBXTargetDependency;
			target = 3FCAF7E229596116007BC9ED /* db-cauAirport */;
			targetProxy = 3FCAF7FA29596118007BC9ED /* PBXContainerItemProxy */;
		};
		3FCAF80529596118007BC9ED /* PBXTargetDependency */ = {
			isa = PBXTargetDependency;
			target = 3FCAF7E229596116007BC9ED /* db-cauAirport */;
			targetProxy = 3FCAF80429596118007BC9ED /* PBXContainerItemProxy */;
		};
/* End PBXTargetDependency section */

/* Begin PBXVariantGroup section */
		3FCAF7EC29596116007BC9ED /* Main.storyboard */ = {
			isa = PBXVariantGroup;
			children = (
				3FCAF7ED29596116007BC9ED /* Base */,
			);
			name = Main.storyboard;
			sourceTree = "<group>";
		};
		3FCAF7F129596118007BC9ED /* LaunchScreen.storyboard */ = {
			isa = PBXVariantGroup;
			children = (
				3FCAF7F229596118007BC9ED /* Base */,
			);
			name = LaunchScreen.storyboard;
			sourceTree = "<group>";
		};
/* End PBXVariantGroup section */

/* Begin XCBuildConfiguration section */
		3FCAF80B29596118007BC9ED /* Debug */ = {
			isa = XCBuildConfiguration;
			buildSettings = {
				ALWAYS_SEARCH_USER_PATHS = NO;
				CLANG_ANALYZER_NONNULL = YES;
				CLANG_ANALYZER_NUMBER_OBJECT_CONVERSION = YES_AGGRESSIVE;
				CLANG_CXX_LANGUAGE_STANDARD = "gnu++20";
				CLANG_ENABLE_MODULES = YES;
				CLANG_ENABLE_OBJC_ARC = YES;
				CLANG_ENABLE_OBJC_WEAK = YES;
				CLANG_WARN_BLOCK_CAPTURE_AUTORELEASING = YES;
				CLANG_WARN_BOOL_CONVERSION = YES;
				CLANG_WARN_COMMA = YES;
				CLANG_WARN_CONSTANT_CONVERSION = YES;
				CLANG_WARN_DEPRECATED_OBJC_IMPLEMENTATIONS = YES;
				CLANG_WARN_DIRECT_OBJC_ISA_USAGE = YES_ERROR;
				CLANG_WARN_DOCUMENTATION_COMMENTS = YES;
				CLANG_WARN_EMPTY_BODY = YES;
				CLANG_WARN_ENUM_CONVERSION = YES;
				CLANG_WARN_INFINITE_RECURSION = YES;
				CLANG_WARN_INT_CONVERSION = YES;
				CLANG_WARN_NON_LITERAL_NULL_CONVERSION = YES;
				CLANG_WARN_OBJC_IMPLICIT_RETAIN_SELF = YES;
				CLANG_WARN_OBJC_LITERAL_CONVERSION = YES;
				CLANG_WARN_OBJC_ROOT_CLASS = YES_ERROR;
				CLANG_WARN_QUOTED_INCLUDE_IN_FRAMEWORK_HEADER = YES;
				CLANG_WARN_RANGE_LOOP_ANALYSIS = YES;
				CLANG_WARN_STRICT_PROTOTYPES = YES;
				CLANG_WARN_SUSPICIOUS_MOVE = YES;
				CLANG_WARN_UNGUARDED_AVAILABILITY = YES_AGGRESSIVE;
				CLANG_WARN_UNREACHABLE_CODE = YES;
				CLANG_WARN__DUPLICATE_METHOD_MATCH = YES;
				COPY_PHASE_STRIP = NO;
				DEBUG_INFORMATION_FORMAT = dwarf;
				ENABLE_STRICT_OBJC_MSGSEND = YES;
				ENABLE_TESTABILITY = YES;
				GCC_C_LANGUAGE_STANDARD = gnu11;
				GCC_DYNAMIC_NO_PIC = NO;
				GCC_NO_COMMON_BLOCKS = YES;
				GCC_OPTIMIZATION_LEVEL = 0;
				GCC_PREPROCESSOR_DEFINITIONS = (
					"DEBUG=1",
					"$(inherited)",
				);
				GCC_WARN_64_TO_32_BIT_CONVERSION = YES;
				GCC_WARN_ABOUT_RETURN_TYPE = YES_ERROR;
				GCC_WARN_UNDECLARED_SELECTOR = YES;
				GCC_WARN_UNINITIALIZED_AUTOS = YES_AGGRESSIVE;
				GCC_WARN_UNUSED_FUNCTION = YES;
				GCC_WARN_UNUSED_VARIABLE = YES;
				IPHONEOS_DEPLOYMENT_TARGET = 16.2;
				MTL_ENABLE_DEBUG_INFO = INCLUDE_SOURCE;
				MTL_FAST_MATH = YES;
				ONLY_ACTIVE_ARCH = YES;
				SDKROOT = iphoneos;
				SWIFT_ACTIVE_COMPILATION_CONDITIONS = DEBUG;
				SWIFT_OPTIMIZATION_LEVEL = "-Onone";
			};
			name = Debug;
		};
		3FCAF80C29596118007BC9ED /* Release */ = {
			isa = XCBuildConfiguration;
			buildSettings = {
				ALWAYS_SEARCH_USER_PATHS = NO;
				CLANG_ANALYZER_NONNULL = YES;
				CLANG_ANALYZER_NUMBER_OBJECT_CONVERSION = YES_AGGRESSIVE;
				CLANG_CXX_LANGUAGE_STANDARD = "gnu++20";
				CLANG_ENABLE_MODULES = YES;
				CLANG_ENABLE_OBJC_ARC = YES;
				CLANG_ENABLE_OBJC_WEAK = YES;
				CLANG_WARN_BLOCK_CAPTURE_AUTORELEASING = YES;
				CLANG_WARN_BOOL_CONVERSION = YES;
				CLANG_WARN_COMMA = YES;
				CLANG_WARN_CONSTANT_CONVERSION = YES;
				CLANG_WARN_DEPRECATED_OBJC_IMPLEMENTATIONS = YES;
				CLANG_WARN_DIRECT_OBJC_ISA_USAGE = YES_ERROR;
				CLANG_WARN_DOCUMENTATION_COMMENTS = YES;
				CLANG_WARN_EMPTY_BODY = YES;
				CLANG_WARN_ENUM_CONVERSION = YES;
				CLANG_WARN_INFINITE_RECURSION = YES;
				CLANG_WARN_INT_CONVERSION = YES;
				CLANG_WARN_NON_LITERAL_NULL_CONVERSION = YES;
				CLANG_WARN_OBJC_IMPLICIT_RETAIN_SELF = YES;
				CLANG_WARN_OBJC_LITERAL_CONVERSION = YES;
				CLANG_WARN_OBJC_ROOT_CLASS = YES_ERROR;
				CLANG_WARN_QUOTED_INCLUDE_IN_FRAMEWORK_HEADER = YES;
				CLANG_WARN_RANGE_LOOP_ANALYSIS = YES;
				CLANG_WARN_STRICT_PROTOTYPES = YES;
				CLANG_WARN_SUSPICIOUS_MOVE = YES;
				CLANG_WARN_UNGUARDED_AVAILABILITY = YES_AGGRESSIVE;
				CLANG_WARN_UNREACHABLE_CODE = YES;
				CLANG_WARN__DUPLICATE_METHOD_MATCH = YES;
				COPY_PHASE_STRIP = NO;
				DEBUG_INFORMATION_FORMAT = "dwarf-with-dsym";
				ENABLE_NS_ASSERTIONS = NO;
				ENABLE_STRICT_OBJC_MSGSEND = YES;
				GCC_C_LANGUAGE_STANDARD = gnu11;
				GCC_NO_COMMON_BLOCKS = YES;
				GCC_WARN_64_TO_32_BIT_CONVERSION = YES;
				GCC_WARN_ABOUT_RETURN_TYPE = YES_ERROR;
				GCC_WARN_UNDECLARED_SELECTOR = YES;
				GCC_WARN_UNINITIALIZED_AUTOS = YES_AGGRESSIVE;
				GCC_WARN_UNUSED_FUNCTION = YES;
				GCC_WARN_UNUSED_VARIABLE = YES;
				IPHONEOS_DEPLOYMENT_TARGET = 16.2;
				MTL_ENABLE_DEBUG_INFO = NO;
				MTL_FAST_MATH = YES;
				SDKROOT = iphoneos;
				SWIFT_COMPILATION_MODE = wholemodule;
				SWIFT_OPTIMIZATION_LEVEL = "-O";
				VALIDATE_PRODUCT = YES;
			};
			name = Release;
		};
		3FCAF80E29596118007BC9ED /* Debug */ = {
			isa = XCBuildConfiguration;
			baseConfigurationReference = 16350A8A0D1589B215417963 /* Pods-db-cauAirport.debug.xcconfig */;
			buildSettings = {
				ASSETCATALOG_COMPILER_APPICON_NAME = AppIcon;
				ASSETCATALOG_COMPILER_GLOBAL_ACCENT_COLOR_NAME = AccentColor;
				CODE_SIGN_STYLE = Automatic;
				CURRENT_PROJECT_VERSION = 1;
				GENERATE_INFOPLIST_FILE = YES;
				INFOPLIST_FILE = "db-cauAirport/Info.plist";
				INFOPLIST_KEY_UIApplicationSupportsIndirectInputEvents = YES;
				INFOPLIST_KEY_UILaunchStoryboardName = LaunchScreen;
				INFOPLIST_KEY_UIMainStoryboardFile = Main;
				INFOPLIST_KEY_UISupportedInterfaceOrientations_iPad = "UIInterfaceOrientationPortrait UIInterfaceOrientationPortraitUpsideDown UIInterfaceOrientationLandscapeLeft UIInterfaceOrientationLandscapeRight";
				INFOPLIST_KEY_UISupportedInterfaceOrientations_iPhone = "UIInterfaceOrientationPortrait UIInterfaceOrientationLandscapeLeft UIInterfaceOrientationLandscapeRight";
				LD_RUNPATH_SEARCH_PATHS = (
					"$(inherited)",
					"@executable_path/Frameworks",
				);
				MARKETING_VERSION = 1.0;
				PRODUCT_BUNDLE_IDENTIFIER = "example.db-cauAirport";
				PRODUCT_NAME = "$(TARGET_NAME)";
				SWIFT_EMIT_LOC_STRINGS = YES;
				SWIFT_VERSION = 5.0;
				TARGETED_DEVICE_FAMILY = "1,2";
			};
			name = Debug;
		};
		3FCAF80F29596118007BC9ED /* Release */ = {
			isa = XCBuildConfiguration;
			baseConfigurationReference = 0F4C9B3736A4E0D4C9BAC1E6 /* Pods-db-cauAirport.release.xcconfig */;
			buildSettings = {
				ASSETCATALOG_COMPILER_APPICON_NAME = AppIcon;
				ASSETCATALOG_COMPILER_GLOBAL_ACCENT_COLOR_NAME = AccentColor;
				CODE_SIGN_STYLE = Automatic;
				CURRENT_PROJECT_VERSION = 1;
				GENERATE_INFOPLIST_FILE = YES;
				INFOPLIST_FILE = "db-cauAirport/Info.plist";
				INFOPLIST_KEY_UIApplicationSupportsIndirectInputEvents = YES;
				INFOPLIST_KEY_UILaunchStoryboardName = LaunchScreen;
				INFOPLIST_KEY_UIMainStoryboardFile = Main;
				INFOPLIST_KEY_UISupportedInterfaceOrientations_iPad = "UIInterfaceOrientationPortrait UIInterfaceOrientationPortraitUpsideDown UIInterfaceOrientationLandscapeLeft UIInterfaceOrientationLandscapeRight";
				INFOPLIST_KEY_UISupportedInterfaceOrientations_iPhone = "UIInterfaceOrientationPortrait UIInterfaceOrientationLandscapeLeft UIInterfaceOrientationLandscapeRight";
				LD_RUNPATH_SEARCH_PATHS = (
					"$(inherited)",
					"@executable_path/Frameworks",
				);
				MARKETING_VERSION = 1.0;
				PRODUCT_BUNDLE_IDENTIFIER = "example.db-cauAirport";
				PRODUCT_NAME = "$(TARGET_NAME)";
				SWIFT_EMIT_LOC_STRINGS = YES;
				SWIFT_VERSION = 5.0;
				TARGETED_DEVICE_FAMILY = "1,2";
			};
			name = Release;
		};
		3FCAF81129596118007BC9ED /* Debug */ = {
			isa = XCBuildConfiguration;
			baseConfigurationReference = 3E378C2E48EAB8813C12823B /* Pods-db-cauAirportTests.debug.xcconfig */;
			buildSettings = {
				ALWAYS_EMBED_SWIFT_STANDARD_LIBRARIES = YES;
				BUNDLE_LOADER = "$(TEST_HOST)";
				CODE_SIGN_STYLE = Automatic;
				CURRENT_PROJECT_VERSION = 1;
				GENERATE_INFOPLIST_FILE = YES;
				IPHONEOS_DEPLOYMENT_TARGET = 16.2;
				MARKETING_VERSION = 1.0;
				PRODUCT_BUNDLE_IDENTIFIER = "example.db-cauAirportTests";
				PRODUCT_NAME = "$(TARGET_NAME)";
				SWIFT_EMIT_LOC_STRINGS = NO;
				SWIFT_VERSION = 5.0;
				TARGETED_DEVICE_FAMILY = "1,2";
				TEST_HOST = "$(BUILT_PRODUCTS_DIR)/db-cauAirport.app/$(BUNDLE_EXECUTABLE_FOLDER_PATH)/db-cauAirport";
			};
			name = Debug;
		};
		3FCAF81229596118007BC9ED /* Release */ = {
			isa = XCBuildConfiguration;
			baseConfigurationReference = EBF35E6D9D3CBBF6028271D3 /* Pods-db-cauAirportTests.release.xcconfig */;
			buildSettings = {
				ALWAYS_EMBED_SWIFT_STANDARD_LIBRARIES = YES;
				BUNDLE_LOADER = "$(TEST_HOST)";
				CODE_SIGN_STYLE = Automatic;
				CURRENT_PROJECT_VERSION = 1;
				GENERATE_INFOPLIST_FILE = YES;
				IPHONEOS_DEPLOYMENT_TARGET = 16.2;
				MARKETING_VERSION = 1.0;
				PRODUCT_BUNDLE_IDENTIFIER = "example.db-cauAirportTests";
				PRODUCT_NAME = "$(TARGET_NAME)";
				SWIFT_EMIT_LOC_STRINGS = NO;
				SWIFT_VERSION = 5.0;
				TARGETED_DEVICE_FAMILY = "1,2";
				TEST_HOST = "$(BUILT_PRODUCTS_DIR)/db-cauAirport.app/$(BUNDLE_EXECUTABLE_FOLDER_PATH)/db-cauAirport";
			};
			name = Release;
		};
		3FCAF81429596118007BC9ED /* Debug */ = {
			isa = XCBuildConfiguration;
			baseConfigurationReference = BC51C337B8F7E0556A020303 /* Pods-db-cauAirport-db-cauAirportUITests.debug.xcconfig */;
			buildSettings = {
				ALWAYS_EMBED_SWIFT_STANDARD_LIBRARIES = YES;
				CODE_SIGN_STYLE = Automatic;
				CURRENT_PROJECT_VERSION = 1;
				GENERATE_INFOPLIST_FILE = YES;
				MARKETING_VERSION = 1.0;
				PRODUCT_BUNDLE_IDENTIFIER = "example.db-cauAirportUITests";
				PRODUCT_NAME = "$(TARGET_NAME)";
				SWIFT_EMIT_LOC_STRINGS = NO;
				SWIFT_VERSION = 5.0;
				TARGETED_DEVICE_FAMILY = "1,2";
				TEST_TARGET_NAME = "db-cauAirport";
			};
			name = Debug;
		};
		3FCAF81529596118007BC9ED /* Release */ = {
			isa = XCBuildConfiguration;
			baseConfigurationReference = 8D62E7BC130AD1386A100E33 /* Pods-db-cauAirport-db-cauAirportUITests.release.xcconfig */;
			buildSettings = {
				ALWAYS_EMBED_SWIFT_STANDARD_LIBRARIES = YES;
				CODE_SIGN_STYLE = Automatic;
				CURRENT_PROJECT_VERSION = 1;
				GENERATE_INFOPLIST_FILE = YES;
				MARKETING_VERSION = 1.0;
				PRODUCT_BUNDLE_IDENTIFIER = "example.db-cauAirportUITests";
				PRODUCT_NAME = "$(TARGET_NAME)";
				SWIFT_EMIT_LOC_STRINGS = NO;
				SWIFT_VERSION = 5.0;
				TARGETED_DEVICE_FAMILY = "1,2";
				TEST_TARGET_NAME = "db-cauAirport";
			};
			name = Release;
		};
/* End XCBuildConfiguration section */

/* Begin XCConfigurationList section */
		3FCAF7DE29596116007BC9ED /* Build configuration list for PBXProject "db-cauAirport" */ = {
			isa = XCConfigurationList;
			buildConfigurations = (
				3FCAF80B29596118007BC9ED /* Debug */,
				3FCAF80C29596118007BC9ED /* Release */,
			);
			defaultConfigurationIsVisible = 0;
			defaultConfigurationName = Release;
		};
		3FCAF80D29596118007BC9ED /* Build configuration list for PBXNativeTarget "db-cauAirport" */ = {
			isa = XCConfigurationList;
			buildConfigurations = (
				3FCAF80E29596118007BC9ED /* Debug */,
				3FCAF80F29596118007BC9ED /* Release */,
			);
			defaultConfigurationIsVisible = 0;
			defaultConfigurationName = Release;
		};
		3FCAF81029596118007BC9ED /* Build configuration list for PBXNativeTarget "db-cauAirportTests" */ = {
			isa = XCConfigurationList;
			buildConfigurations = (
				3FCAF81129596118007BC9ED /* Debug */,
				3FCAF81229596118007BC9ED /* Release */,
			);
			defaultConfigurationIsVisible = 0;
			defaultConfigurationName = Release;
		};
		3FCAF81329596118007BC9ED /* Build configuration list for PBXNativeTarget "db-cauAirportUITests" */ = {
			isa = XCConfigurationList;
			buildConfigurations = (
				3FCAF81429596118007BC9ED /* Debug */,
				3FCAF81529596118007BC9ED /* Release */,
			);
			defaultConfigurationIsVisible = 0;
			defaultConfigurationName = Release;
		};
/* End XCConfigurationList section */
	};
	rootObject = 3FCAF7DB29596116007BC9ED /* Project object */;
}
